
Microsoft Visual Studio Solution File, Format Version 12.00
# Visual Studio Version 17
VisualStudioVersion = 17.8.34309.116
MinimumVisualStudioVersion = 10.0.40219.1
Project("{2150E333-8FDC-42A3-9474-1A3956D46DE8}") = "src", "src", "{D0812C8A-2E9D-4AEF-A4F9-F574B2F650B7}"
EndProject
Project("{2150E333-8FDC-42A3-9474-1A3956D46DE8}") = "tests", "tests", "{F7C83E7E-9F46-4B25-BFF6-4DB42842B351}"
EndProject
Project("{9A19103F-16F7-4668-BE54-9A1E7A4F7556}") = "Domain", "src\Domain\Domain.csproj", "{F844957F-7429-4217-8DBA-55327C0B1B71}"
EndProject
Project("{FAE04EC0-301F-11D3-BF4B-00C04F79EFBC}") = "Application", "src\Application\Application.csproj", "{AF554194-A50F-45D3-9E5A-07916FDE06AD}"
EndProject
Project("{FAE04EC0-301F-11D3-BF4B-00C04F79EFBC}") = "Persistence.Abstractions", "src\Persistence.Abstractions\Persistence.Abstractions.csproj", "{325B7BBE-3EC0-40A8-A93F-050DCBDF8712}"
EndProject
Global
	GlobalSection(SolutionConfigurationPlatforms) = preSolution
		Debug|Any CPU = Debug|Any CPU
		Release|Any CPU = Release|Any CPU
	EndGlobalSection
	GlobalSection(ProjectConfigurationPlatforms) = postSolution
		{F844957F-7429-4217-8DBA-55327C0B1B71}.Debug|Any CPU.ActiveCfg = Debug|Any CPU
		{F844957F-7429-4217-8DBA-55327C0B1B71}.Debug|Any CPU.Build.0 = Debug|Any CPU
		{F844957F-7429-4217-8DBA-55327C0B1B71}.Release|Any CPU.ActiveCfg = Release|Any CPU
		{F844957F-7429-4217-8DBA-55327C0B1B71}.Release|Any CPU.Build.0 = Release|Any CPU
		{AF554194-A50F-45D3-9E5A-07916FDE06AD}.Debug|Any CPU.ActiveCfg = Debug|Any CPU
		{AF554194-A50F-45D3-9E5A-07916FDE06AD}.Debug|Any CPU.Build.0 = Debug|Any CPU
		{AF554194-A50F-45D3-9E5A-07916FDE06AD}.Release|Any CPU.ActiveCfg = Release|Any CPU
		{AF554194-A50F-45D3-9E5A-07916FDE06AD}.Release|Any CPU.Build.0 = Release|Any CPU
		{325B7BBE-3EC0-40A8-A93F-050DCBDF8712}.Debug|Any CPU.ActiveCfg = Debug|Any CPU
		{325B7BBE-3EC0-40A8-A93F-050DCBDF8712}.Debug|Any CPU.Build.0 = Debug|Any CPU
		{325B7BBE-3EC0-40A8-A93F-050DCBDF8712}.Release|Any CPU.ActiveCfg = Release|Any CPU
		{325B7BBE-3EC0-40A8-A93F-050DCBDF8712}.Release|Any CPU.Build.0 = Release|Any CPU
	EndGlobalSection
	GlobalSection(SolutionProperties) = preSolution
		HideSolutionNode = FALSE
	EndGlobalSection
	GlobalSection(NestedProjects) = preSolution
		{F844957F-7429-4217-8DBA-55327C0B1B71} = {D0812C8A-2E9D-4AEF-A4F9-F574B2F650B7}
		{AF554194-A50F-45D3-9E5A-07916FDE06AD} = {D0812C8A-2E9D-4AEF-A4F9-F574B2F650B7}
		{325B7BBE-3EC0-40A8-A93F-050DCBDF8712} = {D0812C8A-2E9D-4AEF-A4F9-F574B2F650B7}
	EndGlobalSection
	GlobalSection(ExtensibilityGlobals) = postSolution
		SolutionGuid = {E2F3E460-DE89-46B6-9D77-70793836DDB2}
	EndGlobalSection
EndGlobal
